
Microsoft Visual Studio Solution File, Format Version 12.00
# Visual Studio Version 16
VisualStudioVersion = 16.0.31005.135
MinimumVisualStudioVersion = 10.0.40219.1
Project("{FAE04EC0-301F-11D3-BF4B-00C04F79EFBC}") = "HostAdvantageAPI.API", "HostAdvantageAPI.API\HostAdvantageAPI.API.csproj", "{84B4ACE5-D1A5-43E2-9E97-8157C68559B8}"
EndProject
Global
	GlobalSection(SolutionConfigurationPlatforms) = preSolution
		Debug|Any CPU = Debug|Any CPU
		Release|Any CPU = Release|Any CPU
	EndGlobalSection
	GlobalSection(ProjectConfigurationPlatforms) = postSolution
		{84B4ACE5-D1A5-43E2-9E97-8157C68559B8}.Debug|Any CPU.ActiveCfg = Debug|Any CPU
		{84B4ACE5-D1A5-43E2-9E97-8157C68559B8}.Debug|Any CPU.Build.0 = Debug|Any CPU
		{84B4ACE5-D1A5-43E2-9E97-8157C68559B8}.Release|Any CPU.ActiveCfg = Release|Any CPU
		{84B4ACE5-D1A5-43E2-9E97-8157C68559B8}.Release|Any CPU.Build.0 = Release|Any CPU
	EndGlobalSection
	GlobalSection(SolutionProperties) = preSolution
		HideSolutionNode = FALSE
	EndGlobalSection
	GlobalSection(ExtensibilityGlobals) = postSolution
		SolutionGuid = {1D1DDC8D-290D-41C9-B76A-7AF6E5A20201}
	EndGlobalSection
EndGlobal
